
Microsoft Visual Studio Solution File, Format Version 12.00
# Visual Studio 15
VisualStudioVersion = 15.0.26430.12
MinimumVisualStudioVersion = 10.0.40219.1
Project("{151D2E53-A2C4-4D7D-83FE-D05416EBD58E}") = "AzureDeployment", "AzureDeployment\AzureDeployment.deployproj", "{C45BAD7C-D7E2-4086-8A70-391CA64C4A64}"
EndProject
Project("{2150E333-8FDC-42A3-9474-1A3956D46DE8}") = "Solution Items", "Solution Items", "{F8BE57BE-DFD1-47FA-AD6E-8A658FAB4848}"
	ProjectSection(SolutionItems) = preProject
		.gitignore = .gitignore
	EndProjectSection
EndProject
Project("{FAE04EC0-301F-11D3-BF4B-00C04F79EFBC}") = "HtmlSelector", "HtmlSelector\HtmlSelector.csproj", "{91D54996-C8A2-4D89-9BCB-AEF6D2C912BA}"
EndProject
Global
	GlobalSection(SolutionConfigurationPlatforms) = preSolution
		Debug|Any CPU = Debug|Any CPU
		Release|Any CPU = Release|Any CPU
	EndGlobalSection
	GlobalSection(ProjectConfigurationPlatforms) = postSolution
		{C45BAD7C-D7E2-4086-8A70-391CA64C4A64}.Debug|Any CPU.ActiveCfg = Debug|Any CPU
		{C45BAD7C-D7E2-4086-8A70-391CA64C4A64}.Debug|Any CPU.Build.0 = Debug|Any CPU
		{C45BAD7C-D7E2-4086-8A70-391CA64C4A64}.Release|Any CPU.ActiveCfg = Release|Any CPU
		{C45BAD7C-D7E2-4086-8A70-391CA64C4A64}.Release|Any CPU.Build.0 = Release|Any CPU
		{91D54996-C8A2-4D89-9BCB-AEF6D2C912BA}.Debug|Any CPU.ActiveCfg = Debug|Any CPU
		{91D54996-C8A2-4D89-9BCB-AEF6D2C912BA}.Debug|Any CPU.Build.0 = Debug|Any CPU
		{91D54996-C8A2-4D89-9BCB-AEF6D2C912BA}.Release|Any CPU.ActiveCfg = Release|Any CPU
		{91D54996-C8A2-4D89-9BCB-AEF6D2C912BA}.Release|Any CPU.Build.0 = Release|Any CPU
	EndGlobalSection
	GlobalSection(SolutionProperties) = preSolution
		HideSolutionNode = FALSE
	EndGlobalSection
EndGlobal
