
Microsoft Visual Studio Solution File, Format Version 12.00
# Visual Studio 15
VisualStudioVersion = 15.0.26430.4
MinimumVisualStudioVersion = 10.0.40219.1
Project("{151D2E53-A2C4-4D7D-83FE-D05416EBD58E}") = "AzureDeployment", "AzureDeployment\AzureDeployment.deployproj", "{C45BAD7C-D7E2-4086-8A70-391CA64C4A64}"
EndProject
Global
	GlobalSection(SolutionConfigurationPlatforms) = preSolution
		Debug|Any CPU = Debug|Any CPU
		Release|Any CPU = Release|Any CPU
	EndGlobalSection
	GlobalSection(ProjectConfigurationPlatforms) = postSolution
		{C45BAD7C-D7E2-4086-8A70-391CA64C4A64}.Debug|Any CPU.ActiveCfg = Debug|Any CPU
		{C45BAD7C-D7E2-4086-8A70-391CA64C4A64}.Debug|Any CPU.Build.0 = Debug|Any CPU
		{C45BAD7C-D7E2-4086-8A70-391CA64C4A64}.Release|Any CPU.ActiveCfg = Release|Any CPU
		{C45BAD7C-D7E2-4086-8A70-391CA64C4A64}.Release|Any CPU.Build.0 = Release|Any CPU
	EndGlobalSection
	GlobalSection(SolutionProperties) = preSolution
		HideSolutionNode = FALSE
	EndGlobalSection
EndGlobal
